
Microsoft Visual Studio Solution File, Format Version 12.00
# Visual Studio Version 16
VisualStudioVersion = 16.0.31025.194
MinimumVisualStudioVersion = 10.0.40219.1
Project("{FAE04EC0-301F-11D3-BF4B-00C04F79EFBC}") = "PABD_Act2", "PABD_Act2\PABD_Act2.csproj", "{695C7485-99D7-46E7-934E-E98ABA217B43}"
EndProject
Global
	GlobalSection(SolutionConfigurationPlatforms) = preSolution
		Debug|Any CPU = Debug|Any CPU
		Release|Any CPU = Release|Any CPU
	EndGlobalSection
	GlobalSection(ProjectConfigurationPlatforms) = postSolution
		{695C7485-99D7-46E7-934E-E98ABA217B43}.Debug|Any CPU.ActiveCfg = Debug|Any CPU
		{695C7485-99D7-46E7-934E-E98ABA217B43}.Debug|Any CPU.Build.0 = Debug|Any CPU
		{695C7485-99D7-46E7-934E-E98ABA217B43}.Release|Any CPU.ActiveCfg = Release|Any CPU
		{695C7485-99D7-46E7-934E-E98ABA217B43}.Release|Any CPU.Build.0 = Release|Any CPU
	EndGlobalSection
	GlobalSection(SolutionProperties) = preSolution
		HideSolutionNode = FALSE
	EndGlobalSection
	GlobalSection(ExtensibilityGlobals) = postSolution
		SolutionGuid = {57AAF1D6-3E81-4726-9BA8-E2D3DC9512D8}
	EndGlobalSection
EndGlobal
